
Microsoft Visual Studio Solution File, Format Version 12.00
# Visual Studio Version 17
VisualStudioVersion = 17.10.35027.167
MinimumVisualStudioVersion = 10.0.40219.1
Project("{FAE04EC0-301F-11D3-BF4B-00C04F79EFBC}") = "try_catch", "ConsoleApp1\try_catch.csproj", "{F37EC3D6-7C4E-47C9-8FA9-AE6D43A78036}"
EndProject
Global
	GlobalSection(SolutionConfigurationPlatforms) = preSolution
		Debug|Any CPU = Debug|Any CPU
		Release|Any CPU = Release|Any CPU
	EndGlobalSection
	GlobalSection(ProjectConfigurationPlatforms) = postSolution
		{F37EC3D6-7C4E-47C9-8FA9-AE6D43A78036}.Debug|Any CPU.ActiveCfg = Debug|Any CPU
		{F37EC3D6-7C4E-47C9-8FA9-AE6D43A78036}.Debug|Any CPU.Build.0 = Debug|Any CPU
		{F37EC3D6-7C4E-47C9-8FA9-AE6D43A78036}.Release|Any CPU.ActiveCfg = Release|Any CPU
		{F37EC3D6-7C4E-47C9-8FA9-AE6D43A78036}.Release|Any CPU.Build.0 = Release|Any CPU
	EndGlobalSection
	GlobalSection(SolutionProperties) = preSolution
		HideSolutionNode = FALSE
	EndGlobalSection
	GlobalSection(ExtensibilityGlobals) = postSolution
		SolutionGuid = {B410B3F0-F5F6-49C0-B806-E1B06BD97A0B}
	EndGlobalSection
EndGlobal
